{
  "name": "github-action-lambda",
  "version": "1.0.0",
  "lockfileVersion": 2,
  "requires": true,
  "packages": {
    "": {
      "name": "github-action-lambda",
      "version": "1.0.0",
      "license": "ISC",
      "dependencies": {
        "lodash": "^4.17.20",
        "typescript": "^4.1.3"
      },
      "devDependencies": {
        "@types/aws-lambda": "^8.10.71",
        "@types/lodash": "^4.14.168",
        "@types/node": "^14.14.22",
        "@vercel/ncc": "^0.27.0"
      }
    },
    "node_modules/@types/aws-lambda": {
      "version": "8.10.109",
      "resolved": "https://registry.npmjs.org/@types/aws-lambda/-/aws-lambda-8.10.109.tgz",
      "integrity": "sha512-/ME92FneNyXQzrAfcnQQlW1XkCZGPDlpi2ao1MJwecN+6SbeonKeggU8eybv1DfKli90FAVT1MlIZVXfwVuCyg==",
      "dev": true
    },
    "node_modules/@types/lodash": {
      "version": "4.14.191",
      "resolved": "https://registry.npmjs.org/@types/lodash/-/lodash-4.14.191.tgz",
      "integrity": "sha512-BdZ5BCCvho3EIXw6wUCXHe7rS53AIDPLE+JzwgT+OsJk53oBfbSmZZ7CX4VaRoN78N+TJpFi9QPlfIVNmJYWxQ==",
      "dev": true
    },
    "node_modules/@types/node": {
      "version": "14.18.36",
      "resolved": "https://registry.npmjs.org/@types/node/-/node-14.18.36.tgz",
      "integrity": "sha512-FXKWbsJ6a1hIrRxv+FoukuHnGTgEzKYGi7kilfMae96AL9UNkPFNWJEEYWzdRI9ooIkbr4AKldyuSTLql06vLQ==",
      "dev": true
    },
    "node_modules/@vercel/ncc": {
      "version": "0.27.0",
      "resolved": "https://registry.npmjs.org/@vercel/ncc/-/ncc-0.27.0.tgz",
      "integrity": "sha512-DllIJQapnU2YwewIhh/4dYesmMQw3h2cFtabECc/zSJHqUbNa0eJuEkRa6DXbZvh1YPWBtYQoPV17NlDpBw1Vw==",
      "dev": true,
      "bin": {
        "ncc": "dist/ncc/cli.js"
      }
    },
    "node_modules/lodash": {
      "version": "4.17.21",
      "resolved": "https://registry.npmjs.org/lodash/-/lodash-4.17.21.tgz",
      "integrity": "sha512-v2kDEe57lecTulaDIuNTPy3Ry4gLGJ6Z1O3vE1krgXZNrsQ+LFTGHVxVjcXPs17LhbZVGedAJv8XZ1tvj5FvSg=="
    },
    "node_modules/typescript": {
      "version": "4.9.4",
      "resolved": "https://registry.npmjs.org/typescript/-/typescript-4.9.4.tgz",
      "integrity": "sha512-Uz+dTXYzxXXbsFpM86Wh3dKCxrQqUcVMxwU54orwlJjOpO3ao8L7j5lH+dWfTwgCwIuM9GQ2kvVotzYJMXTBZg==",
      "bin": {
        "tsc": "bin/tsc",
        "tsserver": "bin/tsserver"
      },
      "engines": {
        "node": ">=4.2.0"
      }
    }
  },
  "dependencies": {
    "@types/aws-lambda": {
      "version": "8.10.109",
      "resolved": "https://registry.npmjs.org/@types/aws-lambda/-/aws-lambda-8.10.109.tgz",
      "integrity": "sha512-/ME92FneNyXQzrAfcnQQlW1XkCZGPDlpi2ao1MJwecN+6SbeonKeggU8eybv1DfKli90FAVT1MlIZVXfwVuCyg==",
      "dev": true
    },
    "@types/lodash": {
      "version": "4.14.191",
      "resolved": "https://registry.npmjs.org/@types/lodash/-/lodash-4.14.191.tgz",
      "integrity": "sha512-BdZ5BCCvho3EIXw6wUCXHe7rS53AIDPLE+JzwgT+OsJk53oBfbSmZZ7CX4VaRoN78N+TJpFi9QPlfIVNmJYWxQ==",
      "dev": true
    },
    "@types/node": {
      "version": "14.18.36",
      "resolved": "https://registry.npmjs.org/@types/node/-/node-14.18.36.tgz",
      "integrity": "sha512-FXKWbsJ6a1hIrRxv+FoukuHnGTgEzKYGi7kilfMae96AL9UNkPFNWJEEYWzdRI9ooIkbr4AKldyuSTLql06vLQ==",
      "dev": true
    },
    "@vercel/ncc": {
      "version": "0.27.0",
      "resolved": "https://registry.npmjs.org/@vercel/ncc/-/ncc-0.27.0.tgz",
      "integrity": "sha512-DllIJQapnU2YwewIhh/4dYesmMQw3h2cFtabECc/zSJHqUbNa0eJuEkRa6DXbZvh1YPWBtYQoPV17NlDpBw1Vw==",
      "dev": true
    },
    "lodash": {
      "version": "4.17.21",
      "resolved": "https://registry.npmjs.org/lodash/-/lodash-4.17.21.tgz",
      "integrity": "sha512-v2kDEe57lecTulaDIuNTPy3Ry4gLGJ6Z1O3vE1krgXZNrsQ+LFTGHVxVjcXPs17LhbZVGedAJv8XZ1tvj5FvSg=="
    },
    "typescript": {
      "version": "4.9.4",
      "resolved": "https://registry.npmjs.org/typescript/-/typescript-4.9.4.tgz",
      "integrity": "sha512-Uz+dTXYzxXXbsFpM86Wh3dKCxrQqUcVMxwU54orwlJjOpO3ao8L7j5lH+dWfTwgCwIuM9GQ2kvVotzYJMXTBZg=="
    }
  }
}
